
Microsoft Visual Studio Solution File, Format Version 12.00
# Visual Studio Version 17
VisualStudioVersion = 17.0.31912.275
MinimumVisualStudioVersion = 10.0.40219.1
Project("{FAE04EC0-301F-11D3-BF4B-00C04F79EFBC}") = "BinaryToDecimal", "BinaryToDecimal.csproj", "{46CFBE96-61A7-4A60-96AC-CE17B7A26778}"
EndProject
Global
	GlobalSection(SolutionConfigurationPlatforms) = preSolution
		Debug|Any CPU = Debug|Any CPU
		Release|Any CPU = Release|Any CPU
	EndGlobalSection
	GlobalSection(ProjectConfigurationPlatforms) = postSolution
		{46CFBE96-61A7-4A60-96AC-CE17B7A26778}.Debug|Any CPU.ActiveCfg = Debug|Any CPU
		{46CFBE96-61A7-4A60-96AC-CE17B7A26778}.Debug|Any CPU.Build.0 = Debug|Any CPU
		{46CFBE96-61A7-4A60-96AC-CE17B7A26778}.Release|Any CPU.ActiveCfg = Release|Any CPU
		{46CFBE96-61A7-4A60-96AC-CE17B7A26778}.Release|Any CPU.Build.0 = Release|Any CPU
	EndGlobalSection
	GlobalSection(SolutionProperties) = preSolution
		HideSolutionNode = FALSE
	EndGlobalSection
	GlobalSection(ExtensibilityGlobals) = postSolution
		SolutionGuid = {B6E58042-BBD1-4A0E-A247-CA11DFA1C460}
	EndGlobalSection
EndGlobal
